Microsoft Visual Studio Solution File, Format Version 12.00
# Visual Studio Version 17
VisualStudioVersion = 17.0.31903.59
MinimumVisualStudioVersion = 10.0.40219.1
Project("{FAE04EC0-301F-11D3-BF4B-00C04F79EFBC}") = "Ate.Contracts", "Ate.Contracts\Ate.Contracts.csproj", "{6FD4B42B-D97A-4D8A-B857-B5484323A5B5}"
EndProject
Project("{FAE04EC0-301F-11D3-BF4B-00C04F79EFBC}") = "Ate.Engine", "Ate.Engine\Ate.Engine.csproj", "{2FB1FA50-84DB-458F-AE14-A4A12A7424E5}"
EndProject
Project("{FAE04EC0-301F-11D3-BF4B-00C04F79EFBC}") = "Ate.Ui", "Ate.Ui\Ate.Ui.csproj", "{F4F8446D-39B3-4B78-B5C9-9A4FD6264CF2}"
EndProject
Global
	GlobalSection(SolutionConfigurationPlatforms) = preSolution
		Debug|Any CPU = Debug|Any CPU
		Release|Any CPU = Release|Any CPU
	EndGlobalSection
	GlobalSection(ProjectConfigurationPlatforms) = postSolution
		{6FD4B42B-D97A-4D8A-B857-B5484323A5B5}.Debug|Any CPU.ActiveCfg = Debug|Any CPU
		{6FD4B42B-D97A-4D8A-B857-B5484323A5B5}.Debug|Any CPU.Build.0 = Debug|Any CPU
		{6FD4B42B-D97A-4D8A-B857-B5484323A5B5}.Release|Any CPU.ActiveCfg = Release|Any CPU
		{6FD4B42B-D97A-4D8A-B857-B5484323A5B5}.Release|Any CPU.Build.0 = Release|Any CPU
		{2FB1FA50-84DB-458F-AE14-A4A12A7424E5}.Debug|Any CPU.ActiveCfg = Debug|Any CPU
		{2FB1FA50-84DB-458F-AE14-A4A12A7424E5}.Debug|Any CPU.Build.0 = Debug|Any CPU
		{2FB1FA50-84DB-458F-AE14-A4A12A7424E5}.Release|Any CPU.ActiveCfg = Release|Any CPU
		{2FB1FA50-84DB-458F-AE14-A4A12A7424E5}.Release|Any CPU.Build.0 = Release|Any CPU
		{F4F8446D-39B3-4B78-B5C9-9A4FD6264CF2}.Debug|Any CPU.ActiveCfg = Debug|Any CPU
		{F4F8446D-39B3-4B78-B5C9-9A4FD6264CF2}.Debug|Any CPU.Build.0 = Debug|Any CPU
		{F4F8446D-39B3-4B78-B5C9-9A4FD6264CF2}.Release|Any CPU.ActiveCfg = Release|Any CPU
		{F4F8446D-39B3-4B78-B5C9-9A4FD6264CF2}.Release|Any CPU.Build.0 = Release|Any CPU
	EndGlobalSection
	GlobalSection(SolutionProperties) = preSolution
		HideSolutionNode = FALSE
	EndGlobalSection
EndGlobal
